PODS:
  - camera_avfoundation (0.0.1):
    - Flutter
  - face_detection (0.0.1):
    - Flutter
  - Flutter (1.0.0)
  - processing_camera_image (0.0.1):
    - Flutter

DEPENDENCIES:
  - camera_avfoundation (from `.symlinks/plugins/camera_avfoundation/ios`)
  - face_detection (from `.symlinks/plugins/face_detection/ios`)
  - Flutter (from `Flutter`)
  - processing_camera_image (from `.symlinks/plugins/processing_camera_image/ios`)

EXTERNAL SOURCES:
  camera_avfoundation:
    :path: ".symlinks/plugins/camera_avfoundation/ios"
  face_detection:
    :path: ".symlinks/plugins/face_detection/ios"
  Flutter:
    :path: Flutter
  processing_camera_image:
    :path: ".symlinks/plugins/processing_camera_image/ios"

SPEC CHECKSUMS:
  camera_avfoundation: 07c77549ea54ad95d8581be86617c094a46280d9
  face_detection: 94bb21189b3bf4fdd2b31f1f5cf275b10f3e3938
  Flutter: 50d75fe2f02b26cc09d224853bb45737f8b3214a
  processing_camera_image: 095bec249ab49bcd51493397d8f1d5f954172a8e

PODFILE CHECKSUM: c4c93c5f6502fe2754f48404d3594bf779584011

COCOAPODS: 1.11.3
