PODS:
  - camera_avfoundation (0.0.1):
    - Flutter
  - face_detection (0.0.4):
    - Flutter
  - Flutter (1.0.0)
  - processing_camera_image (0.0.1):
    - Flutter

DEPENDENCIES:
  - camera_avfoundation (from `.symlinks/plugins/camera_avfoundation/ios`)
  - face_detection (from `.symlinks/plugins/face_detection/ios`)
  - Flutter (from `Flutter`)
  - processing_camera_image (from `.symlinks/plugins/processing_camera_image/ios`)

EXTERNAL SOURCES:
  camera_avfoundation:
    :path: ".symlinks/plugins/camera_avfoundation/ios"
  face_detection:
    :path: ".symlinks/plugins/face_detection/ios"
  Flutter:
    :path: Flutter
  processing_camera_image:
    :path: ".symlinks/plugins/processing_camera_image/ios"

SPEC CHECKSUMS:
  camera_avfoundation: 3125e8cd1a4387f6f31c6c63abb8a55892a9eeeb
  face_detection: 43925549ce38ef18af5afcf1e0bd24ffced81629
  Flutter: f04841e97a9d0b0a8025694d0796dd46242b2854
  processing_camera_image: 095bec249ab49bcd51493397d8f1d5f954172a8e

PODFILE CHECKSUM: c4c93c5f6502fe2754f48404d3594bf779584011

COCOAPODS: 1.12.1
